{
  "version": 4,
  "terraform_version": "1.11.4",
  "serial": 4,
  "lineage": "b881ffcf-27e9-9519-4c55-ea6a5c99b79a",
  "outputs": {
    "api_key": {
      "value": "foo",
      "type": "string",
      "sensitive": true
    },
    "application_name": {
      "value": "myapp",
      "type": "string"
    },
    "env_name": {
      "value": "dev",
      "type": "string"
    },
    "environment_prefix": {
      "value": "myapp-dev",
      "type": "string"
    },
    "kind": {
      "value": "p",
      "type": "string"
    },
    "primary_region": {
      "value": "westus",
      "type": "string"
    },
    "primary_region_instance": {
      "value": "4",
      "type": "string"
    },
    "suffix": {
      "value": "nz6z8z",
      "type": "string"
    }
  },
  "resources": [
    {
      "mode": "managed",
      "type": "random_string",
      "name": "suffix",
      "provider": "provider[\"registry.terraform.io/hashicorp/random\"]",
      "instances": [
        {
          "schema_version": 2,
          "attributes": {
            "id": "nz6z8z",
            "keepers": null,
            "length": 6,
            "lower": true,
            "min_lower": 0,
            "min_numeric": 0,
            "min_special": 0,
            "min_upper": 0,
            "number": true,
            "numeric": true,
            "override_special": null,
            "result": "nz6z8z",
            "special": false,
            "upper": false
          },
          "sensitive_attributes": []
        }
      ]
    }
  ],
  "check_results": [
    {
      "object_kind": "var",
      "config_addr": "var.instance_count",
      "status": "pass",
      "objects": [
        {
          "object_addr": "var.instance_count",
          "status": "pass"
        }
      ]
    },
    {
      "object_kind": "var",
      "config_addr": "var.application_name",
      "status": "pass",
      "objects": [
        {
          "object_addr": "var.application_name",
          "status": "pass"
        }
      ]
    }
  ]
}
