{
  "version": 4,
  "terraform_version": "1.11.4",
  "serial": 21,
  "lineage": "33825072-f98f-1a04-8051-60b5d70bbdd5",
  "outputs": {
    "api_key": {
      "value": "mykey",
      "type": "string",
      "sensitive": true
    },
    "application_name": {
      "value": "myapp",
      "type": "string"
    },
    "env_name": {
      "value": "prod",
      "type": "string"
    },
    "environment_prefix": {
      "value": "myapp-prod",
      "type": "string"
    },
    "kind": {
      "value": "p",
      "type": "string"
    },
    "list": {
      "value": "o7c5fh",
      "type": "string"
    },
    "map": {
      "value": "U=_T[PY}",
      "type": "string"
    },
    "primary_region": {
      "value": "westus",
      "type": "string"
    },
    "primary_region_instance": {
      "value": "4",
      "type": "string"
    },
    "suffix": {
      "value": "osxjwu",
      "type": "string"
    }
  },
  "resources": [
    {
      "mode": "managed",
      "type": "random_string",
      "name": "list",
      "provider": "provider[\"registry.terraform.io/hashicorp/random\"]",
      "instances": [
        {
          "index_key": 0,
          "schema_version": 2,
          "attributes": {
            "id": "o7c5fh",
            "keepers": null,
            "length": 6,
            "lower": true,
            "min_lower": 0,
            "min_numeric": 0,
            "min_special": 0,
            "min_upper": 0,
            "number": true,
            "numeric": true,
            "override_special": null,
            "result": "o7c5fh",
            "special": false,
            "upper": false
          },
          "sensitive_attributes": []
        },
        {
          "index_key": 1,
          "schema_version": 2,
          "attributes": {
            "id": "s4etcn",
            "keepers": null,
            "length": 6,
            "lower": true,
            "min_lower": 0,
            "min_numeric": 0,
            "min_special": 0,
            "min_upper": 0,
            "number": true,
            "numeric": true,
            "override_special": null,
            "result": "s4etcn",
            "special": false,
            "upper": false
          },
          "sensitive_attributes": []
        }
      ]
    },
    {
      "mode": "managed",
      "type": "random_string",
      "name": "map",
      "provider": "provider[\"registry.terraform.io/hashicorp/random\"]",
      "instances": [
        {
          "index_key": "eastus",
          "schema_version": 2,
          "attributes": {
            "id": "U=_T[PY}",
            "keepers": null,
            "length": 8,
            "lower": false,
            "min_lower": 0,
            "min_numeric": 0,
            "min_special": 0,
            "min_upper": 0,
            "number": false,
            "numeric": false,
            "override_special": null,
            "result": "U=_T[PY}",
            "special": true,
            "upper": true
          },
          "sensitive_attributes": []
        },
        {
          "index_key": "westus",
          "schema_version": 2,
          "attributes": {
            "id": "{+BD__:Y",
            "keepers": null,
            "length": 8,
            "lower": false,
            "min_lower": 0,
            "min_numeric": 0,
            "min_special": 0,
            "min_upper": 0,
            "number": false,
            "numeric": false,
            "override_special": null,
            "result": "{+BD__:Y",
            "special": true,
            "upper": true
          },
          "sensitive_attributes": []
        }
      ]
    },
    {
      "mode": "managed",
      "type": "random_string",
      "name": "suffix",
      "provider": "provider[\"registry.terraform.io/hashicorp/random\"]",
      "instances": [
        {
          "schema_version": 2,
          "attributes": {
            "id": "osxjwu",
            "keepers": null,
            "length": 6,
            "lower": true,
            "min_lower": 0,
            "min_numeric": 0,
            "min_special": 0,
            "min_upper": 0,
            "number": true,
            "numeric": true,
            "override_special": null,
            "result": "osxjwu",
            "special": false,
            "upper": false
          },
          "sensitive_attributes": []
        }
      ]
    },
    {
      "module": "module.alpha",
      "mode": "managed",
      "type": "random_string",
      "name": "rando",
      "provider": "provider[\"registry.terraform.io/hashicorp/random\"]",
      "instances": [
        {
          "schema_version": 2,
          "attributes": {
            "id": "919duf",
            "keepers": null,
            "length": 6,
            "lower": true,
            "min_lower": 0,
            "min_numeric": 0,
            "min_special": 0,
            "min_upper": 0,
            "number": true,
            "numeric": true,
            "override_special": null,
            "result": "919duf",
            "special": false,
            "upper": false
          },
          "sensitive_attributes": []
        }
      ]
    },
    {
      "module": "module.regionA",
      "mode": "managed",
      "type": "random_string",
      "name": "virtual_machines",
      "provider": "provider[\"registry.terraform.io/hashicorp/random\"]",
      "instances": [
        {
          "schema_version": 2,
          "attributes": {
            "id": "47maofnl",
            "keepers": null,
            "length": 8,
            "lower": true,
            "min_lower": 0,
            "min_numeric": 0,
            "min_special": 0,
            "min_upper": 0,
            "number": true,
            "numeric": true,
            "override_special": null,
            "result": "47maofnl",
            "special": false,
            "upper": false
          },
          "sensitive_attributes": []
        }
      ]
    }
  ],
  "check_results": [
    {
      "object_kind": "var",
      "config_addr": "var.application_name",
      "status": "pass",
      "objects": [
        {
          "object_addr": "var.application_name",
          "status": "pass"
        }
      ]
    },
    {
      "object_kind": "var",
      "config_addr": "var.instance_count",
      "status": "pass",
      "objects": [
        {
          "object_addr": "var.instance_count",
          "status": "pass"
        }
      ]
    }
  ]
}
